
Microsoft Visual Studio Solution File, Format Version 12.00
# Visual Studio Version 17
VisualStudioVersion = 17.8.34316.72
MinimumVisualStudioVersion = 10.0.40219.1
Project("{FAE04EC0-301F-11D3-BF4B-00C04F79EFBC}") = "Zametochka", "Zametochka\Zametochka.csproj", "{00225354-7FB1-429C-9D1F-72603903A477}"
EndProject
Global
	GlobalSection(SolutionConfigurationPlatforms) = preSolution
		Debug|Any CPU = Debug|Any CPU
		Release|Any CPU = Release|Any CPU
	EndGlobalSection
	GlobalSection(ProjectConfigurationPlatforms) = postSolution
		{00225354-7FB1-429C-9D1F-72603903A477}.Debug|Any CPU.ActiveCfg = Debug|Any CPU
		{00225354-7FB1-429C-9D1F-72603903A477}.Debug|Any CPU.Build.0 = Debug|Any CPU
		{00225354-7FB1-429C-9D1F-72603903A477}.Debug|Any CPU.Deploy.0 = Debug|Any CPU
		{00225354-7FB1-429C-9D1F-72603903A477}.Release|Any CPU.ActiveCfg = Release|Any CPU
		{00225354-7FB1-429C-9D1F-72603903A477}.Release|Any CPU.Build.0 = Release|Any CPU
		{00225354-7FB1-429C-9D1F-72603903A477}.Release|Any CPU.Deploy.0 = Release|Any CPU
	EndGlobalSection
	GlobalSection(SolutionProperties) = preSolution
		HideSolutionNode = FALSE
	EndGlobalSection
	GlobalSection(ExtensibilityGlobals) = postSolution
		SolutionGuid = {9AB37A41-DE8E-4D51-A735-9934CD68E1BF}
	EndGlobalSection
EndGlobal
